Microsoft Visual Studio Solution File, Format Version 12.00
# Visual Studio 2012
Project("{FAE04EC0-301F-11D3-BF4B-00C04F79EFBC}") = "Cat Game", "Cat Game.csproj", "{D33EB49D-4E37-4C3D-B209-8690D8C56674}"
EndProject
Global
	GlobalSection(SolutionConfigurationPlatforms) = preSolution
	Debug|Any CPU = Debug|Any CPU
	ExportDebug|Any CPU = ExportDebug|Any CPU
	ExportRelease|Any CPU = ExportRelease|Any CPU
	EndGlobalSection
	GlobalSection(ProjectConfigurationPlatforms) = postSolution
		{D33EB49D-4E37-4C3D-B209-8690D8C56674}.Debug|Any CPU.ActiveCfg = Debug|Any CPU
		{D33EB49D-4E37-4C3D-B209-8690D8C56674}.Debug|Any CPU.Build.0 = Debug|Any CPU
		{D33EB49D-4E37-4C3D-B209-8690D8C56674}.ExportDebug|Any CPU.ActiveCfg = ExportDebug|Any CPU
		{D33EB49D-4E37-4C3D-B209-8690D8C56674}.ExportDebug|Any CPU.Build.0 = ExportDebug|Any CPU
		{D33EB49D-4E37-4C3D-B209-8690D8C56674}.ExportRelease|Any CPU.ActiveCfg = ExportRelease|Any CPU
		{D33EB49D-4E37-4C3D-B209-8690D8C56674}.ExportRelease|Any CPU.Build.0 = ExportRelease|Any CPU
	EndGlobalSection
EndGlobal
